// !$*UTF8*$!
{
	archiveVersion = 1;
	classes = {
	};
	objectVersion = 46;
	objects = {

/* Begin PBXBuildFile section */
		DF0DAD5A1A8F7363006DF990 /* AppDelegate.swift in Sources */ = {isa = PBXBuildFile; fileRef = DF0DAD561A8F7363006DF990 /* AppDelegate.swift */; };
		DF0DAE031A8F740C006DF990 /* Fonts_Colours.rtf in Resources */ = {isa = PBXBuildFile; fileRef = DF0DAD5D1A8F740C006DF990 /* Fonts_Colours.rtf */; };
		DF0DAE521A8F740C006DF990 /* ProximaNova-Bold.otf in Resources */ = {isa = PBXBuildFile; fileRef = DF0DADB01A8F740C006DF990 /* ProximaNova-Bold.otf */; };
		DF0DAE531A8F740C006DF990 /* ProximaNova-Light.otf in Resources */ = {isa = PBXBuildFile; fileRef = DF0DADB11A8F740C006DF990 /* ProximaNova-Light.otf */; };
		DF0DAE541A8F740C006DF990 /* ProximaNova-Regular.otf in Resources */ = {isa = PBXBuildFile; fileRef = DF0DADB21A8F740C006DF990 /* ProximaNova-Regular.otf */; };
		DF0DAE551A8F740C006DF990 /* ProximaNova-Semibold.otf in Resources */ = {isa = PBXBuildFile; fileRef = DF0DADB31A8F740C006DF990 /* ProximaNova-Semibold.otf */; };
		DF0DAEA41A8FA326006DF990 /* TodayViewController.swift in Sources */ = {isa = PBXBuildFile; fileRef = DF0DAEA31A8FA326006DF990 /* TodayViewController.swift */; };
		DF0DAEA61A8FA33A006DF990 /* SettingsViewController.swift in Sources */ = {isa = PBXBuildFile; fileRef = DF0DAEA51A8FA33A006DF990 /* SettingsViewController.swift */; };
		DF0DAEA81A8FA349006DF990 /* ForecastViewController.swift in Sources */ = {isa = PBXBuildFile; fileRef = DF0DAEA71A8FA349006DF990 /* ForecastViewController.swift */; };
		DF0DAEAA1A8FA363006DF990 /* AddLocationViewController.swift in Sources */ = {isa = PBXBuildFile; fileRef = DF0DAEA91A8FA363006DF990 /* AddLocationViewController.swift */; };
		DF0DAEAC1A8FB234006DF990 /* DI.swift in Sources */ = {isa = PBXBuildFile; fileRef = DF0DAEAB1A8FB234006DF990 /* DI.swift */; };
		DF0DAEAE1A8FB2C6006DF990 /* Settings.swift in Sources */ = {isa = PBXBuildFile; fileRef = DF0DAEAD1A8FB2C6006DF990 /* Settings.swift */; };
		DF0DAEB01A8FB592006DF990 /* WeatherService.swift in Sources */ = {isa = PBXBuildFile; fileRef = DF0DAEAF1A8FB592006DF990 /* WeatherService.swift */; };
		DF0DAEB21A8FB801006DF990 /* config.plist in Resources */ = {isa = PBXBuildFile; fileRef = DF0DAEB11A8FB801006DF990 /* config.plist */; };
		DF4541371A90A00B007E2558 /* NavigationController.swift in Sources */ = {isa = PBXBuildFile; fileRef = DF4541361A90A00B007E2558 /* NavigationController.swift */; };
		DF4541391A90A4CA007E2558 /* LocationsViewController.swift in Sources */ = {isa = PBXBuildFile; fileRef = DF4541381A90A4CA007E2558 /* LocationsViewController.swift */; };
		DF45413B1A90A668007E2558 /* Locations.swift in Sources */ = {isa = PBXBuildFile; fileRef = DF45413A1A90A668007E2558 /* Locations.swift */; };
		DF45413D1A90A84D007E2558 /* TabBarController.swift in Sources */ = {isa = PBXBuildFile; fileRef = DF45413C1A90A84D007E2558 /* TabBarController.swift */; };
		DF4E3EFA1A910E1000B24C85 /* SearchBar.swift in Sources */ = {isa = PBXBuildFile; fileRef = DF4E3EF91A910E1000B24C85 /* SearchBar.swift */; };
		DF52A8361A924A11008C415A /* Location.swift in Sources */ = {isa = PBXBuildFile; fileRef = DF52A8351A924A11008C415A /* Location.swift */; };
		DF9408911A8F68230074C730 /* Images.xcassets in Resources */ = {isa = PBXBuildFile; fileRef = DF9408901A8F68230074C730 /* Images.xcassets */; };
		DF9408A01A8F68230074C730 /* WeatherTestTests.swift in Sources */ = {isa = PBXBuildFile; fileRef = DF94089F1A8F68230074C730 /* WeatherTestTests.swift */; };
		DFA60A461A96A6AB00DE8C54 /* Forecast.swift in Sources */ = {isa = PBXBuildFile; fileRef = DFA60A451A96A6AB00DE8C54 /* Forecast.swift */; };
		DFBE00B21A93DF8D00DF1437 /* LaunchScreen.xib in Resources */ = {isa = PBXBuildFile; fileRef = DFBE00B01A93DF8D00DF1437 /* LaunchScreen.xib */; };
		DFBE00B31A93DF8D00DF1437 /* Main.storyboard in Resources */ = {isa = PBXBuildFile; fileRef = DFBE00B11A93DF8D00DF1437 /* Main.storyboard */; };
		DFBE00B61A93DF9600DF1437 /* RTLabel.m in Sources */ = {isa = PBXBuildFile; fileRef = DFBE00B51A93DF9600DF1437 /* RTLabel.m */; };
		DFBE00B81A93E54700DF1437 /* LocationSearchCell.swift in Sources */ = {isa = PBXBuildFile; fileRef = DFBE00B71A93E54700DF1437 /* LocationSearchCell.swift */; };
		DFBF25DE1A91FBFB006598BF /* Weather.swift in Sources */ = {isa = PBXBuildFile; fileRef = DFBF25DD1A91FBFB006598BF /* Weather.swift */; };
		DFD6439A1A912AF400EE1001 /* CoreLocation.framework in Frameworks */ = {isa = PBXBuildFile; fileRef = DFD643991A912AF400EE1001 /* CoreLocation.framework */; };
		DFEEA6E31A953B210077566A /* WeatherCell.xib in Resources */ = {isa = PBXBuildFile; fileRef = DFEEA6E21A953B210077566A /* WeatherCell.xib */; };
		DFEEA6E91A95401D0077566A /* WeatherCell.swift in Sources */ = {isa = PBXBuildFile; fileRef = DFEEA6E81A95401D0077566A /* WeatherCell.swift */; };
		EC0A5BD39319F65D22F6446F /* libPods.a in Frameworks */ = {isa = PBXBuildFile; fileRef = D9F0353F76458700972F9097 /* libPods.a */; };
/* End PBXBuildFile section */

/* Begin PBXContainerItemProxy section */
		DF94089A1A8F68230074C730 /* PBXContainerItemProxy */ = {
			isa = PBXContainerItemProxy;
			containerPortal = DF94087A1A8F68230074C730 /* Project object */;
			proxyType = 1;
			remoteGlobalIDString = DF9408811A8F68230074C730;
			remoteInfo = WeatherTest;
		};
/* End PBXContainerItemProxy section */

/* Begin PBXFileReference section */
		2314C4A21FBE95592FAACE1C /* Pods.release.xcconfig */ = {isa = PBXFileReference; includeInIndex = 1; lastKnownFileType = text.xcconfig; name = Pods.release.xcconfig; path = "Pods/Target Support Files/Pods/Pods.release.xcconfig"; sourceTree = "<group>"; };
		C01C0510F057AA171027A1CB /* Pods.debug.xcconfig */ = {isa = PBXFileReference; includeInIndex = 1; lastKnownFileType = text.xcconfig; name = Pods.debug.xcconfig; path = "Pods/Target Support Files/Pods/Pods.debug.xcconfig"; sourceTree = "<group>"; };
		D9F0353F76458700972F9097 /* libPods.a */ = {isa = PBXFileReference; explicitFileType = archive.ar; includeInIndex = 0; path = libPods.a; sourceTree = BUILT_PRODUCTS_DIR; };
		DF01CCC21A92420D00FDED17 /* CoreData.framework */ = {isa = PBXFileReference; lastKnownFileType = wrapper.framework; name = CoreData.framework; path = System/Library/Frameworks/CoreData.framework; sourceTree = SDKROOT; };
		DF0DAD561A8F7363006DF990 /* AppDelegate.swift */ = {isa = PBXFileReference; fileEncoding = 4; lastKnownFileType = sourcecode.swift; path = AppDelegate.swift; sourceTree = "<group>"; };
		DF0DAD5D1A8F740C006DF990 /* Fonts_Colours.rtf */ = {isa = PBXFileReference; fileEncoding = 4; lastKnownFileType = text.rtf; path = Fonts_Colours.rtf; sourceTree = "<group>"; };
		DF0DADB01A8F740C006DF990 /* ProximaNova-Bold.otf */ = {isa = PBXFileReference; lastKnownFileType = file; path = "ProximaNova-Bold.otf"; sourceTree = "<group>"; };
		DF0DADB11A8F740C006DF990 /* ProximaNova-Light.otf */ = {isa = PBXFileReference; lastKnownFileType = file; path = "ProximaNova-Light.otf"; sourceTree = "<group>"; };
		DF0DADB21A8F740C006DF990 /* ProximaNova-Regular.otf */ = {isa = PBXFileReference; lastKnownFileType = file; path = "ProximaNova-Regular.otf"; sourceTree = "<group>"; };
		DF0DADB31A8F740C006DF990 /* ProximaNova-Semibold.otf */ = {isa = PBXFileReference; lastKnownFileType = file; path = "ProximaNova-Semibold.otf"; sourceTree = "<group>"; };
		DF0DAEA31A8FA326006DF990 /* TodayViewController.swift */ = {isa = PBXFileReference; fileEncoding = 4; lastKnownFileType = sourcecode.swift; path = TodayViewController.swift; sourceTree = "<group>"; };
		DF0DAEA51A8FA33A006DF990 /* SettingsViewController.swift */ = {isa = PBXFileReference; fileEncoding = 4; lastKnownFileType = sourcecode.swift; path = SettingsViewController.swift; sourceTree = "<group>"; };
		DF0DAEA71A8FA349006DF990 /* ForecastViewController.swift */ = {isa = PBXFileReference; fileEncoding = 4; lastKnownFileType = sourcecode.swift; path = ForecastViewController.swift; sourceTree = "<group>"; };
		DF0DAEA91A8FA363006DF990 /* AddLocationViewController.swift */ = {isa = PBXFileReference; fileEncoding = 4; lastKnownFileType = sourcecode.swift; path = AddLocationViewController.swift; sourceTree = "<group>"; };
		DF0DAEAB1A8FB234006DF990 /* DI.swift */ = {isa = PBXFileReference; fileEncoding = 4; lastKnownFileType = sourcecode.swift; path = DI.swift; sourceTree = "<group>"; };
		DF0DAEAD1A8FB2C6006DF990 /* Settings.swift */ = {isa = PBXFileReference; fileEncoding = 4; lastKnownFileType = sourcecode.swift; path = Settings.swift; sourceTree = "<group>"; };
		DF0DAEAF1A8FB592006DF990 /* WeatherService.swift */ = {isa = PBXFileReference; fileEncoding = 4; lastKnownFileType = sourcecode.swift; path = WeatherService.swift; sourceTree = "<group>"; };
		DF0DAEB11A8FB801006DF990 /* config.plist */ = {isa = PBXFileReference; fileEncoding = 4; lastKnownFileType = text.plist.xml; path = config.plist; sourceTree = "<group>"; };
		DF4541361A90A00B007E2558 /* NavigationController.swift */ = {isa = PBXFileReference; fileEncoding = 4; lastKnownFileType = sourcecode.swift; path = NavigationController.swift; sourceTree = "<group>"; };
		DF4541381A90A4CA007E2558 /* LocationsViewController.swift */ = {isa = PBXFileReference; fileEncoding = 4; lastKnownFileType = sourcecode.swift; path = LocationsViewController.swift; sourceTree = "<group>"; };
		DF45413A1A90A668007E2558 /* Locations.swift */ = {isa = PBXFileReference; fileEncoding = 4; lastKnownFileType = sourcecode.swift; path = Locations.swift; sourceTree = "<group>"; };
		DF45413C1A90A84D007E2558 /* TabBarController.swift */ = {isa = PBXFileReference; fileEncoding = 4; lastKnownFileType = sourcecode.swift; path = TabBarController.swift; sourceTree = "<group>"; };
		DF4E3EF91A910E1000B24C85 /* SearchBar.swift */ = {isa = PBXFileReference; fileEncoding = 4; lastKnownFileType = sourcecode.swift; path = SearchBar.swift; sourceTree = "<group>"; };
		DF52A8351A924A11008C415A /* Location.swift */ = {isa = PBXFileReference; fileEncoding = 4; lastKnownFileType = sourcecode.swift; path = Location.swift; sourceTree = "<group>"; };
		DF9408821A8F68230074C730 /* WeatherTest.app */ = {isa = PBXFileReference; explicitFileType = wrapper.application; includeInIndex = 0; path = WeatherTest.app; sourceTree = BUILT_PRODUCTS_DIR; };
		DF9408861A8F68230074C730 /* Info.plist */ = {isa = PBXFileReference; lastKnownFileType = text.plist.xml; path = Info.plist; sourceTree = "<group>"; };
		DF9408901A8F68230074C730 /* Images.xcassets */ = {isa = PBXFileReference; lastKnownFileType = folder.assetcatalog; name = Images.xcassets; path = ../Images.xcassets; sourceTree = "<group>"; };
		DF9408991A8F68230074C730 /* WeatherTestTests.xctest */ = {isa = PBXFileReference; explicitFileType = wrapper.cfbundle; includeInIndex = 0; path = WeatherTestTests.xctest; sourceTree = BUILT_PRODUCTS_DIR; };
		DF94089E1A8F68230074C730 /* Info.plist */ = {isa = PBXFileReference; lastKnownFileType = text.plist.xml; path = Info.plist; sourceTree = "<group>"; };
		DF94089F1A8F68230074C730 /* WeatherTestTests.swift */ = {isa = PBXFileReference; lastKnownFileType = sourcecode.swift; path = WeatherTestTests.swift; sourceTree = "<group>"; };
		DFA60A451A96A6AB00DE8C54 /* Forecast.swift */ = {isa = PBXFileReference; fileEncoding = 4; lastKnownFileType = sourcecode.swift; path = Forecast.swift; sourceTree = "<group>"; };
		DFBE00B01A93DF8D00DF1437 /* LaunchScreen.xib */ = {isa = PBXFileReference; fileEncoding = 4; lastKnownFileType = file.xib; path = LaunchScreen.xib; sourceTree = "<group>"; };
		DFBE00B11A93DF8D00DF1437 /* Main.storyboard */ = {isa = PBXFileReference; fileEncoding = 4; lastKnownFileType = file.storyboard; path = Main.storyboard; sourceTree = "<group>"; };
		DFBE00B41A93DF9600DF1437 /* RTLabel.h */ = {isa = PBXFileReference; fileEncoding = 4; lastKnownFileType = sourcecode.c.h; path = RTLabel.h; sourceTree = "<group>"; };
		DFBE00B51A93DF9600DF1437 /* RTLabel.m */ = {isa = PBXFileReference; fileEncoding = 4; lastKnownFileType = sourcecode.c.objc; path = RTLabel.m; sourceTree = "<group>"; };
		DFBE00B71A93E54700DF1437 /* LocationSearchCell.swift */ = {isa = PBXFileReference; fileEncoding = 4; lastKnownFileType = sourcecode.swift; path = LocationSearchCell.swift; sourceTree = "<group>"; };
		DFBF25DD1A91FBFB006598BF /* Weather.swift */ = {isa = PBXFileReference; fileEncoding = 4; lastKnownFileType = sourcecode.swift; path = Weather.swift; sourceTree = "<group>"; };
		DFD643991A912AF400EE1001 /* CoreLocation.framework */ = {isa = PBXFileReference; lastKnownFileType = wrapper.framework; name = CoreLocation.framework; path = System/Library/Frameworks/CoreLocation.framework; sourceTree = SDKROOT; };
		DFEDB4F81A8FE72700F2C180 /* WeatherTest-Bridging-Header.h */ = {isa = PBXFileReference; lastKnownFileType = sourcecode.c.h; name = "WeatherTest-Bridging-Header.h"; path = "Classes/Controllers/WeatherTest-Bridging-Header.h"; sourceTree = "<group>"; };
		DFEEA6E21A953B210077566A /* WeatherCell.xib */ = {isa = PBXFileReference; fileEncoding = 4; lastKnownFileType = file.xib; path = WeatherCell.xib; sourceTree = "<group>"; };
		DFEEA6E81A95401D0077566A /* WeatherCell.swift */ = {isa = PBXFileReference; fileEncoding = 4; lastKnownFileType = sourcecode.swift; path = WeatherCell.swift; sourceTree = "<group>"; };
/* End PBXFileReference section */

/* Begin PBXFrameworksBuildPhase section */
		DF94087F1A8F68230074C730 /* Frameworks */ = {
			isa = PBXFrameworksBuildPhase;
			buildActionMask = 2147483647;
			files = (
				DFD6439A1A912AF400EE1001 /* CoreLocation.framework in Frameworks */,
				EC0A5BD39319F65D22F6446F /* libPods.a in Frameworks */,
			);
			runOnlyForDeploymentPostprocessing = 0;
		};
		DF9408961A8F68230074C730 /* Frameworks */ = {
			isa = PBXFrameworksBuildPhase;
			buildActionMask = 2147483647;
			files = (
			);
			runOnlyForDeploymentPostprocessing = 0;
		};
/* End PBXFrameworksBuildPhase section */

/* Begin PBXGroup section */
		4E5999A123A9226CECFC4248 /* Pods */ = {
			isa = PBXGroup;
			children = (
				C01C0510F057AA171027A1CB /* Pods.debug.xcconfig */,
				2314C4A21FBE95592FAACE1C /* Pods.release.xcconfig */,
			);
			name = Pods;
			sourceTree = "<group>";
		};
		60F7A9B244BE0096A9FF10F3 /* Frameworks */ = {
			isa = PBXGroup;
			children = (
				DF01CCC21A92420D00FDED17 /* CoreData.framework */,
				DFD643991A912AF400EE1001 /* CoreLocation.framework */,
				D9F0353F76458700972F9097 /* libPods.a */,
			);
			name = Frameworks;
			sourceTree = "<group>";
		};
		DF0DAD511A8F7363006DF990 /* Classes */ = {
			isa = PBXGroup;
			children = (
				DF0DAD521A8F7363006DF990 /* Controllers */,
				DF0DAD551A8F7363006DF990 /* Models */,
				DF0DAD571A8F7363006DF990 /* Views */,
			);
			path = Classes;
			sourceTree = "<group>";
		};
		DF0DAD521A8F7363006DF990 /* Controllers */ = {
			isa = PBXGroup;
			children = (
				DF4541361A90A00B007E2558 /* NavigationController.swift */,
				DF45413C1A90A84D007E2558 /* TabBarController.swift */,
				DF0DAEA31A8FA326006DF990 /* TodayViewController.swift */,
				DF0DAEA71A8FA349006DF990 /* ForecastViewController.swift */,
				DF0DAEA51A8FA33A006DF990 /* SettingsViewController.swift */,
				DF4541381A90A4CA007E2558 /* LocationsViewController.swift */,
				DF0DAEA91A8FA363006DF990 /* AddLocationViewController.swift */,
				DF4E3EF91A910E1000B24C85 /* SearchBar.swift */,
			);
			path = Controllers;
			sourceTree = "<group>";
		};
		DF0DAD551A8F7363006DF990 /* Models */ = {
			isa = PBXGroup;
			children = (
				DF0DAEAB1A8FB234006DF990 /* DI.swift */,
				DF0DAEAF1A8FB592006DF990 /* WeatherService.swift */,
				DF45413A1A90A668007E2558 /* Locations.swift */,
				DF0DAEAD1A8FB2C6006DF990 /* Settings.swift */,
				DF0DAD561A8F7363006DF990 /* AppDelegate.swift */,
				DF52A8351A924A11008C415A /* Location.swift */,
				DFBF25DD1A91FBFB006598BF /* Weather.swift */,
				DFA60A451A96A6AB00DE8C54 /* Forecast.swift */,
			);
			path = Models;
			sourceTree = "<group>";
		};
		DF0DAD571A8F7363006DF990 /* Views */ = {
			isa = PBXGroup;
			children = (
				DFBE00B11A93DF8D00DF1437 /* Main.storyboard */,
				DFBE00B01A93DF8D00DF1437 /* LaunchScreen.xib */,
				DFBE00B41A93DF9600DF1437 /* RTLabel.h */,
				DFBE00B51A93DF9600DF1437 /* RTLabel.m */,
				DFBE00B71A93E54700DF1437 /* LocationSearchCell.swift */,
				DFEEA6E21A953B210077566A /* WeatherCell.xib */,
				DFEEA6E81A95401D0077566A /* WeatherCell.swift */,
			);
			path = Views;
			sourceTree = "<group>";
		};
		DF0DAD5C1A8F740C006DF990 /* Assets */ = {
			isa = PBXGroup;
			children = (
				DF0DAD5D1A8F740C006DF990 /* Fonts_Colours.rtf */,
				DF9408901A8F68230074C730 /* Images.xcassets */,
				DF0DADAF1A8F740C006DF990 /* ProximaNova */,
			);
			path = Assets;
			sourceTree = "<group>";
		};
		DF0DADAF1A8F740C006DF990 /* ProximaNova */ = {
			isa = PBXGroup;
			children = (
				DF0DADB01A8F740C006DF990 /* ProximaNova-Bold.otf */,
				DF0DADB11A8F740C006DF990 /* ProximaNova-Light.otf */,
				DF0DADB21A8F740C006DF990 /* ProximaNova-Regular.otf */,
				DF0DADB31A8F740C006DF990 /* ProximaNova-Semibold.otf */,
			);
			path = ProximaNova;
			sourceTree = "<group>";
		};
		DF9408791A8F68230074C730 = {
			isa = PBXGroup;
			children = (
				DF9408841A8F68230074C730 /* WeatherTest */,
				DF94089C1A8F68230074C730 /* WeatherTestTests */,
				DF9408831A8F68230074C730 /* Products */,
				4E5999A123A9226CECFC4248 /* Pods */,
				60F7A9B244BE0096A9FF10F3 /* Frameworks */,
			);
			sourceTree = "<group>";
		};
		DF9408831A8F68230074C730 /* Products */ = {
			isa = PBXGroup;
			children = (
				DF9408821A8F68230074C730 /* WeatherTest.app */,
				DF9408991A8F68230074C730 /* WeatherTestTests.xctest */,
			);
			name = Products;
			sourceTree = "<group>";
		};
		DF9408841A8F68230074C730 /* WeatherTest */ = {
			isa = PBXGroup;
			children = (
				DF0DAD5C1A8F740C006DF990 /* Assets */,
				DF0DAD511A8F7363006DF990 /* Classes */,
				DF9408851A8F68230074C730 /* Supporting Files */,
			);
			path = WeatherTest;
			sourceTree = "<group>";
		};
		DF9408851A8F68230074C730 /* Supporting Files */ = {
			isa = PBXGroup;
			children = (
				DFEDB4F81A8FE72700F2C180 /* WeatherTest-Bridging-Header.h */,
				DF9408861A8F68230074C730 /* Info.plist */,
				DF0DAEB11A8FB801006DF990 /* config.plist */,
			);
			name = "Supporting Files";
			sourceTree = "<group>";
		};
		DF94089C1A8F68230074C730 /* WeatherTestTests */ = {
			isa = PBXGroup;
			children = (
				DF94089F1A8F68230074C730 /* WeatherTestTests.swift */,
				DF94089D1A8F68230074C730 /* Supporting Files */,
			);
			path = WeatherTestTests;
			sourceTree = "<group>";
		};
		DF94089D1A8F68230074C730 /* Supporting Files */ = {
			isa = PBXGroup;
			children = (
				DF94089E1A8F68230074C730 /* Info.plist */,
			);
			name = "Supporting Files";
			sourceTree = "<group>";
		};
/* End PBXGroup section */

/* Begin PBXNativeTarget section */
		DF9408811A8F68230074C730 /* WeatherTest */ = {
			isa = PBXNativeTarget;
			buildConfigurationList = DF9408A31A8F68230074C730 /* Build configuration list for PBXNativeTarget "WeatherTest" */;
			buildPhases = (
				3CBCE80DEE2A44F1FD3B6CCC /* Check Pods Manifest.lock */,
				DF94087E1A8F68230074C730 /* Sources */,
				DF94087F1A8F68230074C730 /* Frameworks */,
				DF9408801A8F68230074C730 /* Resources */,
				9CE320D665DFD1C2CDD75F63 /* Copy Pods Resources */,
			);
			buildRules = (
			);
			dependencies = (
			);
			name = WeatherTest;
			productName = WeatherTest;
			productReference = DF9408821A8F68230074C730 /* WeatherTest.app */;
			productType = "com.apple.product-type.application";
		};
		DF9408981A8F68230074C730 /* WeatherTestTests */ = {
			isa = PBXNativeTarget;
			buildConfigurationList = DF9408A61A8F68230074C730 /* Build configuration list for PBXNativeTarget "WeatherTestTests" */;
			buildPhases = (
				DF9408951A8F68230074C730 /* Sources */,
				DF9408961A8F68230074C730 /* Frameworks */,
				DF9408971A8F68230074C730 /* Resources */,
			);
			buildRules = (
			);
			dependencies = (
				DF94089B1A8F68230074C730 /* PBXTargetDependency */,
			);
			name = WeatherTestTests;
			productName = WeatherTestTests;
			productReference = DF9408991A8F68230074C730 /* WeatherTestTests.xctest */;
			productType = "com.apple.product-type.bundle.unit-test";
		};
/* End PBXNativeTarget section */

/* Begin PBXProject section */
		DF94087A1A8F68230074C730 /* Project object */ = {
			isa = PBXProject;
			attributes = {
				LastUpgradeCheck = 0610;
				ORGANIZATIONNAME = "Daniel Kouba";
				TargetAttributes = {
					DF9408811A8F68230074C730 = {
						CreatedOnToolsVersion = 6.1;
					};
					DF9408981A8F68230074C730 = {
						CreatedOnToolsVersion = 6.1;
						TestTargetID = DF9408811A8F68230074C730;
					};
				};
			};
			buildConfigurationList = DF94087D1A8F68230074C730 /* Build configuration list for PBXProject "WeatherTest" */;
			compatibilityVersion = "Xcode 3.2";
			developmentRegion = English;
			hasScannedForEncodings = 0;
			knownRegions = (
				en,
				Base,
			);
			mainGroup = DF9408791A8F68230074C730;
			productRefGroup = DF9408831A8F68230074C730 /* Products */;
			projectDirPath = "";
			projectRoot = "";
			targets = (
				DF9408811A8F68230074C730 /* WeatherTest */,
				DF9408981A8F68230074C730 /* WeatherTestTests */,
			);
		};
/* End PBXProject section */

/* Begin PBXResourcesBuildPhase section */
		DF9408801A8F68230074C730 /* Resources */ = {
			isa = PBXResourcesBuildPhase;
			buildActionMask = 2147483647;
			files = (
				DF0DAE531A8F740C006DF990 /* ProximaNova-Light.otf in Resources */,
				DF9408911A8F68230074C730 /* Images.xcassets in Resources */,
				DFEEA6E31A953B210077566A /* WeatherCell.xib in Resources */,
				DF0DAE541A8F740C006DF990 /* ProximaNova-Regular.otf in Resources */,
				DF0DAEB21A8FB801006DF990 /* config.plist in Resources */,
				DFBE00B21A93DF8D00DF1437 /* LaunchScreen.xib in Resources */,
				DF0DAE521A8F740C006DF990 /* ProximaNova-Bold.otf in Resources */,
				DFBE00B31A93DF8D00DF1437 /* Main.storyboard in Resources */,
				DF0DAE031A8F740C006DF990 /* Fonts_Colours.rtf in Resources */,
				DF0DAE551A8F740C006DF990 /* ProximaNova-Semibold.otf in Resources */,
			);
			runOnlyForDeploymentPostprocessing = 0;
		};
		DF9408971A8F68230074C730 /* Resources */ = {
			isa = PBXResourcesBuildPhase;
			buildActionMask = 2147483647;
			files = (
			);
			runOnlyForDeploymentPostprocessing = 0;
		};
/* End PBXResourcesBuildPhase section */

/* Begin PBXShellScriptBuildPhase section */
		3CBCE80DEE2A44F1FD3B6CCC /* Check Pods Manifest.lock */ = {
			isa = PBXShellScriptBuildPhase;
			buildActionMask = 2147483647;
			files = (
			);
			inputPaths = (
			);
			name = "Check Pods Manifest.lock";
			outputPaths = (
			);
			runOnlyForDeploymentPostprocessing = 0;
			shellPath = /bin/sh;
			shellScript = "diff \"${PODS_ROOT}/../Podfile.lock\" \"${PODS_ROOT}/Manifest.lock\" > /dev/null\nif [[ $? != 0 ]] ; then\n    cat << EOM\nerror: The sandbox is not in sync with the Podfile.lock. Run 'pod install' or update your CocoaPods installation.\nEOM\n    exit 1\nfi\n";
			showEnvVarsInLog = 0;
		};
		9CE320D665DFD1C2CDD75F63 /* Copy Pods Resources */ = {
			isa = PBXShellScriptBuildPhase;
			buildActionMask = 2147483647;
			files = (
			);
			inputPaths = (
			);
			name = "Copy Pods Resources";
			outputPaths = (
			);
			runOnlyForDeploymentPostprocessing = 0;
			shellPath = /bin/sh;
			shellScript = "\"${SRCROOT}/Pods/Target Support Files/Pods/Pods-resources.sh\"\n";
			showEnvVarsInLog = 0;
		};
/* End PBXShellScriptBuildPhase section */

/* Begin PBXSourcesBuildPhase section */
		DF94087E1A8F68230074C730 /* Sources */ = {
			isa = PBXSourcesBuildPhase;
			buildActionMask = 2147483647;
			files = (
				DF4E3EFA1A910E1000B24C85 /* SearchBar.swift in Sources */,
				DF0DAEA41A8FA326006DF990 /* TodayViewController.swift in Sources */,
				DF52A8361A924A11008C415A /* Location.swift in Sources */,
				DF4541391A90A4CA007E2558 /* LocationsViewController.swift in Sources */,
				DF0DAEA81A8FA349006DF990 /* ForecastViewController.swift in Sources */,
				DFBF25DE1A91FBFB006598BF /* Weather.swift in Sources */,
				DFEEA6E91A95401D0077566A /* WeatherCell.swift in Sources */,
				DF0DAEAC1A8FB234006DF990 /* DI.swift in Sources */,
				DF0DAEAA1A8FA363006DF990 /* AddLocationViewController.swift in Sources */,
				DF4541371A90A00B007E2558 /* NavigationController.swift in Sources */,
				DF0DAEAE1A8FB2C6006DF990 /* Settings.swift in Sources */,
				DF0DAEB01A8FB592006DF990 /* WeatherService.swift in Sources */,
				DFBE00B81A93E54700DF1437 /* LocationSearchCell.swift in Sources */,
				DF0DAD5A1A8F7363006DF990 /* AppDelegate.swift in Sources */,
				DF45413D1A90A84D007E2558 /* TabBarController.swift in Sources */,
				DFBE00B61A93DF9600DF1437 /* RTLabel.m in Sources */,
				DF45413B1A90A668007E2558 /* Locations.swift in Sources */,
				DFA60A461A96A6AB00DE8C54 /* Forecast.swift in Sources */,
				DF0DAEA61A8FA33A006DF990 /* SettingsViewController.swift in Sources */,
			);
			runOnlyForDeploymentPostprocessing = 0;
		};
		DF9408951A8F68230074C730 /* Sources */ = {
			isa = PBXSourcesBuildPhase;
			buildActionMask = 2147483647;
			files = (
				DF9408A01A8F68230074C730 /* WeatherTestTests.swift in Sources */,
			);
			runOnlyForDeploymentPostprocessing = 0;
		};
/* End PBXSourcesBuildPhase section */

/* Begin PBXTargetDependency section */
		DF94089B1A8F68230074C730 /* PBXTargetDependency */ = {
			isa = PBXTargetDependency;
			target = DF9408811A8F68230074C730 /* WeatherTest */;
			targetProxy = DF94089A1A8F68230074C730 /* PBXContainerItemProxy */;
		};
/* End PBXTargetDependency section */

/* Begin XCBuildConfiguration section */
		DF9408A11A8F68230074C730 /* Debug */ = {
			isa = XCBuildConfiguration;
			buildSettings = {
				ALWAYS_SEARCH_USER_PATHS = NO;
				CLANG_CXX_LANGUAGE_STANDARD = "gnu++0x";
				CLANG_CXX_LIBRARY = "libc++";
				CLANG_ENABLE_MODULES = YES;
				CLANG_ENABLE_OBJC_ARC = YES;
				CLANG_WARN_BOOL_CONVERSION = YES;
				CLANG_WARN_CONSTANT_CONVERSION = YES;
				CLANG_WARN_DIRECT_OBJC_ISA_USAGE = YES_ERROR;
				CLANG_WARN_EMPTY_BODY = YES;
				CLANG_WARN_ENUM_CONVERSION = YES;
				CLANG_WARN_INT_CONVERSION = YES;
				CLANG_WARN_OBJC_ROOT_CLASS = YES_ERROR;
				CLANG_WARN_UNREACHABLE_CODE = YES;
				CLANG_WARN__DUPLICATE_METHOD_MATCH = YES;
				"CODE_SIGN_IDENTITY[sdk=iphoneos*]" = "iPhone Developer";
				COPY_PHASE_STRIP = NO;
				ENABLE_STRICT_OBJC_MSGSEND = YES;
				GCC_C_LANGUAGE_STANDARD = gnu99;
				GCC_DYNAMIC_NO_PIC = NO;
				GCC_OPTIMIZATION_LEVEL = 0;
				GCC_PREPROCESSOR_DEFINITIONS = (
					"DEBUG=1",
					"$(inherited)",
				);
				GCC_SYMBOLS_PRIVATE_EXTERN = NO;
				GCC_WARN_64_TO_32_BIT_CONVERSION = YES;
				GCC_WARN_ABOUT_RETURN_TYPE = YES_ERROR;
				GCC_WARN_UNDECLARED_SELECTOR = YES;
				GCC_WARN_UNINITIALIZED_AUTOS = YES_AGGRESSIVE;
				GCC_WARN_UNUSED_FUNCTION = YES;
				GCC_WARN_UNUSED_VARIABLE = YES;
				IPHONEOS_DEPLOYMENT_TARGET = 8.1;
				MTL_ENABLE_DEBUG_INFO = YES;
				ONLY_ACTIVE_ARCH = YES;
				SDKROOT = iphoneos;
				SWIFT_OPTIMIZATION_LEVEL = "-Onone";
			};
			name = Debug;
		};
		DF9408A21A8F68230074C730 /* Release */ = {
			isa = XCBuildConfiguration;
			buildSettings = {
				ALWAYS_SEARCH_USER_PATHS = NO;
				CLANG_CXX_LANGUAGE_STANDARD = "gnu++0x";
				CLANG_CXX_LIBRARY = "libc++";
				CLANG_ENABLE_MODULES = YES;
				CLANG_ENABLE_OBJC_ARC = YES;
				CLANG_WARN_BOOL_CONVERSION = YES;
				CLANG_WARN_CONSTANT_CONVERSION = YES;
				CLANG_WARN_DIRECT_OBJC_ISA_USAGE = YES_ERROR;
				CLANG_WARN_EMPTY_BODY = YES;
				CLANG_WARN_ENUM_CONVERSION = YES;
				CLANG_WARN_INT_CONVERSION = YES;
				CLANG_WARN_OBJC_ROOT_CLASS = YES_ERROR;
				CLANG_WARN_UNREACHABLE_CODE = YES;
				CLANG_WARN__DUPLICATE_METHOD_MATCH = YES;
				"CODE_SIGN_IDENTITY[sdk=iphoneos*]" = "iPhone Developer";
				COPY_PHASE_STRIP = YES;
				ENABLE_NS_ASSERTIONS = NO;
				ENABLE_STRICT_OBJC_MSGSEND = YES;
				GCC_C_LANGUAGE_STANDARD = gnu99;
				GCC_WARN_64_TO_32_BIT_CONVERSION = YES;
				GCC_WARN_ABOUT_RETURN_TYPE = YES_ERROR;
				GCC_WARN_UNDECLARED_SELECTOR = YES;
				GCC_WARN_UNINITIALIZED_AUTOS = YES_AGGRESSIVE;
				GCC_WARN_UNUSED_FUNCTION = YES;
				GCC_WARN_UNUSED_VARIABLE = YES;
				IPHONEOS_DEPLOYMENT_TARGET = 8.1;
				MTL_ENABLE_DEBUG_INFO = NO;
				SDKROOT = iphoneos;
				VALIDATE_PRODUCT = YES;
			};
			name = Release;
		};
		DF9408A41A8F68230074C730 /* Debug */ = {
			isa = XCBuildConfiguration;
			baseConfigurationReference = C01C0510F057AA171027A1CB /* Pods.debug.xcconfig */;
			buildSettings = {
				ASSETCATALOG_COMPILER_APPICON_NAME = AppIcon;
				ASSETCATALOG_COMPILER_LAUNCHIMAGE_NAME = LaunchImage;
				CLANG_ENABLE_MODULES = YES;
				INFOPLIST_FILE = WeatherTest/Info.plist;
				IPHONEOS_DEPLOYMENT_TARGET = 7.1;
				LD_RUNPATH_SEARCH_PATHS = "$(inherited) @executable_path/Frameworks";
				PRODUCT_NAME = "$(TARGET_NAME)";
				SWIFT_OBJC_BRIDGING_HEADER = "WeatherTest/Classes/Controllers/WeatherTest-Bridging-Header.h";
				SWIFT_OPTIMIZATION_LEVEL = "-Onone";
			};
			name = Debug;
		};
		DF9408A51A8F68230074C730 /* Release */ = {
			isa = XCBuildConfiguration;
			baseConfigurationReference = 2314C4A21FBE95592FAACE1C /* Pods.release.xcconfig */;
			buildSettings = {
				ASSETCATALOG_COMPILER_APPICON_NAME = AppIcon;
				ASSETCATALOG_COMPILER_LAUNCHIMAGE_NAME = LaunchImage;
				CLANG_ENABLE_MODULES = YES;
				INFOPLIST_FILE = WeatherTest/Info.plist;
				IPHONEOS_DEPLOYMENT_TARGET = 7.1;
				LD_RUNPATH_SEARCH_PATHS = "$(inherited) @executable_path/Frameworks";
				PRODUCT_NAME = "$(TARGET_NAME)";
				SWIFT_OBJC_BRIDGING_HEADER = "WeatherTest/Classes/Controllers/WeatherTest-Bridging-Header.h";
			};
			name = Release;
		};
		DF9408A71A8F68230074C730 /* Debug */ = {
			isa = XCBuildConfiguration;
			buildSettings = {
				BUNDLE_LOADER = "$(TEST_HOST)";
				FRAMEWORK_SEARCH_PATHS = (
					"$(SDKROOT)/Developer/Library/Frameworks",
					"$(inherited)",
				);
				GCC_PREPROCESSOR_DEFINITIONS = (
					"DEBUG=1",
					"$(inherited)",
				);
				INFOPLIST_FILE = WeatherTestTests/Info.plist;
				LD_RUNPATH_SEARCH_PATHS = "$(inherited) @executable_path/Frameworks @loader_path/Frameworks";
				PRODUCT_NAME = "$(TARGET_NAME)";
				TEST_HOST = "$(BUILT_PRODUCTS_DIR)/WeatherTest.app/WeatherTest";
			};
			name = Debug;
		};
		DF9408A81A8F68230074C730 /* Release */ = {
			isa = XCBuildConfiguration;
			buildSettings = {
				BUNDLE_LOADER = "$(TEST_HOST)";
				FRAMEWORK_SEARCH_PATHS = (
					"$(SDKROOT)/Developer/Library/Frameworks",
					"$(inherited)",
				);
				INFOPLIST_FILE = WeatherTestTests/Info.plist;
				LD_RUNPATH_SEARCH_PATHS = "$(inherited) @executable_path/Frameworks @loader_path/Frameworks";
				PRODUCT_NAME = "$(TARGET_NAME)";
				TEST_HOST = "$(BUILT_PRODUCTS_DIR)/WeatherTest.app/WeatherTest";
			};
			name = Release;
		};
/* End XCBuildConfiguration section */

/* Begin XCConfigurationList section */
		DF94087D1A8F68230074C730 /* Build configuration list for PBXProject "WeatherTest" */ = {
			isa = XCConfigurationList;
			buildConfigurations = (
				DF9408A11A8F68230074C730 /* Debug */,
				DF9408A21A8F68230074C730 /* Release */,
			);
			defaultConfigurationIsVisible = 0;
			defaultConfigurationName = Release;
		};
		DF9408A31A8F68230074C730 /* Build configuration list for PBXNativeTarget "WeatherTest" */ = {
			isa = XCConfigurationList;
			buildConfigurations = (
				DF9408A41A8F68230074C730 /* Debug */,
				DF9408A51A8F68230074C730 /* Release */,
			);
			defaultConfigurationIsVisible = 0;
			defaultConfigurationName = Release;
		};
		DF9408A61A8F68230074C730 /* Build configuration list for PBXNativeTarget "WeatherTestTests" */ = {
			isa = XCConfigurationList;
			buildConfigurations = (
				DF9408A71A8F68230074C730 /* Debug */,
				DF9408A81A8F68230074C730 /* Release */,
			);
			defaultConfigurationIsVisible = 0;
			defaultConfigurationName = Release;
		};
/* End XCConfigurationList section */
	};
	rootObject = DF94087A1A8F68230074C730 /* Project object */;
}
